// !$*UTF8*$!
{
	archiveVersion = 1;
	classes = {
	};
	objectVersion = 50;
	objects = {

/* Begin PBXBuildFile section */
		11430223245BC7CB00E080DD /* AppDelegate.swift in Sources */ = {isa = PBXBuildFile; fileRef = 11430222245BC7CB00E080DD /* AppDelegate.swift */; };
		11430225245BC7CB00E080DD /* SceneDelegate.swift in Sources */ = {isa = PBXBuildFile; fileRef = 11430224245BC7CB00E080DD /* SceneDelegate.swift */; };
		11430227245BC7CB00E080DD /* RecordSoundsViewController.swift in Sources */ = {isa = PBXBuildFile; fileRef = 11430226245BC7CB00E080DD /* RecordSoundsViewController.swift */; };
		1143022A245BC7CB00E080DD /* Main.storyboard in Resources */ = {isa = PBXBuildFile; fileRef = 11430228245BC7CB00E080DD /* Main.storyboard */; };
		1143022C245BC7D300E080DD /* Assets.xcassets in Resources */ = {isa = PBXBuildFile; fileRef = 1143022B245BC7D300E080DD /* Assets.xcassets */; };
		1143022F245BC7D300E080DD /* LaunchScreen.storyboard in Resources */ = {isa = PBXBuildFile; fileRef = 1143022D245BC7D300E080DD /* LaunchScreen.storyboard */; };
		1143023A245BC7D300E080DD /* PitchPerfectTests.swift in Sources */ = {isa = PBXBuildFile; fileRef = 11430239245BC7D300E080DD /* PitchPerfectTests.swift */; };
		11430245245BC7D400E080DD /* PitchPerfectUITests.swift in Sources */ = {isa = PBXBuildFile; fileRef = 11430244245BC7D400E080DD /* PitchPerfectUITests.swift */; };
		11448AE6245F6BC500195B36 /* PlaySoundsViewController+Audio.swift in Sources */ = {isa = PBXBuildFile; fileRef = 11448AE5245F6BC500195B36 /* PlaySoundsViewController+Audio.swift */; };
		1149A9D7245E6BD500D1FECE /* PlaySoundsViewController.swift in Sources */ = {isa = PBXBuildFile; fileRef = 1149A9D6245E6BD500D1FECE /* PlaySoundsViewController.swift */; };
/* End PBXBuildFile section */

/* Begin PBXContainerItemProxy section */
		11430236245BC7D300E080DD /* PBXContainerItemProxy */ = {
			isa = PBXContainerItemProxy;
			containerPortal = 11430217245BC7CB00E080DD /* Project object */;
			proxyType = 1;
			remoteGlobalIDString = 1143021E245BC7CB00E080DD;
			remoteInfo = PitchPerfect;
		};
		11430241245BC7D400E080DD /* PBXContainerItemProxy */ = {
			isa = PBXContainerItemProxy;
			containerPortal = 11430217245BC7CB00E080DD /* Project object */;
			proxyType = 1;
			remoteGlobalIDString = 1143021E245BC7CB00E080DD;
			remoteInfo = PitchPerfect;
		};
/* End PBXContainerItemProxy section */

/* Begin PBXFileReference section */
		1143021F245BC7CB00E080DD /* PitchPerfect.app */ = {isa = PBXFileReference; explicitFileType = wrapper.application; includeInIndex = 0; path = PitchPerfect.app; sourceTree = BUILT_PRODUCTS_DIR; };
		11430222245BC7CB00E080DD /* AppDelegate.swift */ = {isa = PBXFileReference; lastKnownFileType = sourcecode.swift; path = AppDelegate.swift; sourceTree = "<group>"; };
		11430224245BC7CB00E080DD /* SceneDelegate.swift */ = {isa = PBXFileReference; lastKnownFileType = sourcecode.swift; path = SceneDelegate.swift; sourceTree = "<group>"; };
		11430226245BC7CB00E080DD /* RecordSoundsViewController.swift */ = {isa = PBXFileReference; lastKnownFileType = sourcecode.swift; path = RecordSoundsViewController.swift; sourceTree = "<group>"; };
		11430229245BC7CB00E080DD /* Base */ = {isa = PBXFileReference; lastKnownFileType = file.storyboard; name = Base; path = Base.lproj/Main.storyboard; sourceTree = "<group>"; };
		1143022B245BC7D300E080DD /* Assets.xcassets */ = {isa = PBXFileReference; lastKnownFileType = folder.assetcatalog; path = Assets.xcassets; sourceTree = "<group>"; };
		1143022E245BC7D300E080DD /* Base */ = {isa = PBXFileReference; lastKnownFileType = file.storyboard; name = Base; path = Base.lproj/LaunchScreen.storyboard; sourceTree = "<group>"; };
		11430230245BC7D300E080DD /* Info.plist */ = {isa = PBXFileReference; lastKnownFileType = text.plist.xml; path = Info.plist; sourceTree = "<group>"; };
		11430235245BC7D300E080DD /* PitchPerfectTests.xctest */ = {isa = PBXFileReference; explicitFileType = wrapper.cfbundle; includeInIndex = 0; path = PitchPerfectTests.xctest; sourceTree = BUILT_PRODUCTS_DIR; };
		11430239245BC7D300E080DD /* PitchPerfectTests.swift */ = {isa = PBXFileReference; lastKnownFileType = sourcecode.swift; path = PitchPerfectTests.swift; sourceTree = "<group>"; };
		1143023B245BC7D300E080DD /* Info.plist */ = {isa = PBXFileReference; lastKnownFileType = text.plist.xml; path = Info.plist; sourceTree = "<group>"; };
		11430240245BC7D400E080DD /* PitchPerfectUITests.xctest */ = {isa = PBXFileReference; explicitFileType = wrapper.cfbundle; includeInIndex = 0; path = PitchPerfectUITests.xctest; sourceTree = BUILT_PRODUCTS_DIR; };
		11430244245BC7D400E080DD /* PitchPerfectUITests.swift */ = {isa = PBXFileReference; lastKnownFileType = sourcecode.swift; path = PitchPerfectUITests.swift; sourceTree = "<group>"; };
		11430246245BC7D400E080DD /* Info.plist */ = {isa = PBXFileReference; lastKnownFileType = text.plist.xml; path = Info.plist; sourceTree = "<group>"; };
		11448AE5245F6BC500195B36 /* PlaySoundsViewController+Audio.swift */ = {isa = PBXFileReference; lastKnownFileType = sourcecode.swift; path = "PlaySoundsViewController+Audio.swift"; sourceTree = "<group>"; };
		1149A9D6245E6BD500D1FECE /* PlaySoundsViewController.swift */ = {isa = PBXFileReference; lastKnownFileType = sourcecode.swift; path = PlaySoundsViewController.swift; sourceTree = "<group>"; };
/* End PBXFileReference section */

/* Begin PBXFrameworksBuildPhase section */
		1143021C245BC7CB00E080DD /* Frameworks */ = {
			isa = PBXFrameworksBuildPhase;
			buildActionMask = 2147483647;
			files = (
			);
			runOnlyForDeploymentPostprocessing = 0;
		};
		11430232245BC7D300E080DD /* Frameworks */ = {
			isa = PBXFrameworksBuildPhase;
			buildActionMask = 2147483647;
			files = (
			);
			runOnlyForDeploymentPostprocessing = 0;
		};
		1143023D245BC7D400E080DD /* Frameworks */ = {
			isa = PBXFrameworksBuildPhase;
			buildActionMask = 2147483647;
			files = (
			);
			runOnlyForDeploymentPostprocessing = 0;
		};
/* End PBXFrameworksBuildPhase section */

/* Begin PBXGroup section */
		11430216245BC7CB00E080DD = {
			isa = PBXGroup;
			children = (
				11430221245BC7CB00E080DD /* PitchPerfect */,
				11430238245BC7D300E080DD /* PitchPerfectTests */,
				11430243245BC7D400E080DD /* PitchPerfectUITests */,
				11430220245BC7CB00E080DD /* Products */,
			);
			sourceTree = "<group>";
		};
		11430220245BC7CB00E080DD /* Products */ = {
			isa = PBXGroup;
			children = (
				1143021F245BC7CB00E080DD /* PitchPerfect.app */,
				11430235245BC7D300E080DD /* PitchPerfectTests.xctest */,
				11430240245BC7D400E080DD /* PitchPerfectUITests.xctest */,
			);
			name = Products;
			sourceTree = "<group>";
		};
		11430221245BC7CB00E080DD /* PitchPerfect */ = {
			isa = PBXGroup;
			children = (
				11430222245BC7CB00E080DD /* AppDelegate.swift */,
				11430224245BC7CB00E080DD /* SceneDelegate.swift */,
				11430226245BC7CB00E080DD /* RecordSoundsViewController.swift */,
				11430228245BC7CB00E080DD /* Main.storyboard */,
				1143022B245BC7D300E080DD /* Assets.xcassets */,
				1143022D245BC7D300E080DD /* LaunchScreen.storyboard */,
				11430230245BC7D300E080DD /* Info.plist */,
				1149A9D6245E6BD500D1FECE /* PlaySoundsViewController.swift */,
				11448AE5245F6BC500195B36 /* PlaySoundsViewController+Audio.swift */,
			);
			path = PitchPerfect;
			sourceTree = "<group>";
		};
		11430238245BC7D300E080DD /* PitchPerfectTests */ = {
			isa = PBXGroup;
			children = (
				11430239245BC7D300E080DD /* PitchPerfectTests.swift */,
				1143023B245BC7D300E080DD /* Info.plist */,
			);
			path = PitchPerfectTests;
			sourceTree = "<group>";
		};
		11430243245BC7D400E080DD /* PitchPerfectUITests */ = {
			isa = PBXGroup;
			children = (
				11430244245BC7D400E080DD /* PitchPerfectUITests.swift */,
				11430246245BC7D400E080DD /* Info.plist */,
			);
			path = PitchPerfectUITests;
			sourceTree = "<group>";
		};
/* End PBXGroup section */

/* Begin PBXNativeTarget section */
		1143021E245BC7CB00E080DD /* PitchPerfect */ = {
			isa = PBXNativeTarget;
			buildConfigurationList = 11430249245BC7D400E080DD /* Build configuration list for PBXNativeTarget "PitchPerfect" */;
			buildPhases = (
				1143021B245BC7CB00E080DD /* Sources */,
				1143021C245BC7CB00E080DD /* Frameworks */,
				1143021D245BC7CB00E080DD /* Resources */,
			);
			buildRules = (
			);
			dependencies = (
			);
			name = PitchPerfect;
			productName = PitchPerfect;
			productReference = 1143021F245BC7CB00E080DD /* PitchPerfect.app */;
			productType = "com.apple.product-type.application";
		};
		11430234245BC7D300E080DD /* PitchPerfectTests */ = {
			isa = PBXNativeTarget;
			buildConfigurationList = 1143024C245BC7D400E080DD /* Build configuration list for PBXNativeTarget "PitchPerfectTests" */;
			buildPhases = (
				11430231245BC7D300E080DD /* Sources */,
				11430232245BC7D300E080DD /* Frameworks */,
				11430233245BC7D300E080DD /* Resources */,
			);
			buildRules = (
			);
			dependencies = (
				11430237245BC7D300E080DD /* PBXTargetDependency */,
			);
			name = PitchPerfectTests;
			productName = PitchPerfectTests;
			productReference = 11430235245BC7D300E080DD /* PitchPerfectTests.xctest */;
			productType = "com.apple.product-type.bundle.unit-test";
		};
		1143023F245BC7D400E080DD /* PitchPerfectUITests */ = {
			isa = PBXNativeTarget;
			buildConfigurationList = 1143024F245BC7D400E080DD /* Build configuration list for PBXNativeTarget "PitchPerfectUITests" */;
			buildPhases = (
				1143023C245BC7D400E080DD /* Sources */,
				1143023D245BC7D400E080DD /* Frameworks */,
				1143023E245BC7D400E080DD /* Resources */,
			);
			buildRules = (
			);
			dependencies = (
				11430242245BC7D400E080DD /* PBXTargetDependency */,
			);
			name = PitchPerfectUITests;
			productName = PitchPerfectUITests;
			productReference = 11430240245BC7D400E080DD /* PitchPerfectUITests.xctest */;
			productType = "com.apple.product-type.bundle.ui-testing";
		};
/* End PBXNativeTarget section */

/* Begin PBXProject section */
		11430217245BC7CB00E080DD /* Project object */ = {
			isa = PBXProject;
			attributes = {
				LastSwiftUpdateCheck = 1140;
				LastUpgradeCheck = 1140;
				ORGANIZATIONNAME = sy;
				TargetAttributes = {
					1143021E245BC7CB00E080DD = {
						CreatedOnToolsVersion = 11.4.1;
					};
					11430234245BC7D300E080DD = {
						CreatedOnToolsVersion = 11.4.1;
						TestTargetID = 1143021E245BC7CB00E080DD;
					};
					1143023F245BC7D400E080DD = {
						CreatedOnToolsVersion = 11.4.1;
						TestTargetID = 1143021E245BC7CB00E080DD;
					};
				};
			};
			buildConfigurationList = 1143021A245BC7CB00E080DD /* Build configuration list for PBXProject "PitchPerfect" */;
			compatibilityVersion = "Xcode 9.3";
			developmentRegion = en;
			hasScannedForEncodings = 0;
			knownRegions = (
				en,
				Base,
			);
			mainGroup = 11430216245BC7CB00E080DD;
			productRefGroup = 11430220245BC7CB00E080DD /* Products */;
			projectDirPath = "";
			projectRoot = "";
			targets = (
				1143021E245BC7CB00E080DD /* PitchPerfect */,
				11430234245BC7D300E080DD /* PitchPerfectTests */,
				1143023F245BC7D400E080DD /* PitchPerfectUITests */,
			);
		};
/* End PBXProject section */

/* Begin PBXResourcesBuildPhase section */
		1143021D245BC7CB00E080DD /* Resources */ = {
			isa = PBXResourcesBuildPhase;
			buildActionMask = 2147483647;
			files = (
				1143022F245BC7D300E080DD /* LaunchScreen.storyboard in Resources */,
				1143022C245BC7D300E080DD /* Assets.xcassets in Resources */,
				1143022A245BC7CB00E080DD /* Main.storyboard in Resources */,
			);
			runOnlyForDeploymentPostprocessing = 0;
		};
		11430233245BC7D300E080DD /* Resources */ = {
			isa = PBXResourcesBuildPhase;
			buildActionMask = 2147483647;
			files = (
			);
			runOnlyForDeploymentPostprocessing = 0;
		};
		1143023E245BC7D400E080DD /* Resources */ = {
			isa = PBXResourcesBuildPhase;
			buildActionMask = 2147483647;
			files = (
			);
			runOnlyForDeploymentPostprocessing = 0;
		};
/* End PBXResourcesBuildPhase section */

/* Begin PBXSourcesBuildPhase section */
		1143021B245BC7CB00E080DD /* Sources */ = {
			isa = PBXSourcesBuildPhase;
			buildActionMask = 2147483647;
			files = (
				11430227245BC7CB00E080DD /* RecordSoundsViewController.swift in Sources */,
				11448AE6245F6BC500195B36 /* PlaySoundsViewController+Audio.swift in Sources */,
				11430223245BC7CB00E080DD /* AppDelegate.swift in Sources */,
				1149A9D7245E6BD500D1FECE /* PlaySoundsViewController.swift in Sources */,
				11430225245BC7CB00E080DD /* SceneDelegate.swift in Sources */,
			);
			runOnlyForDeploymentPostprocessing = 0;
		};
		11430231245BC7D300E080DD /* Sources */ = {
			isa = PBXSourcesBuildPhase;
			buildActionMask = 2147483647;
			files = (
				1143023A245BC7D300E080DD /* PitchPerfectTests.swift in Sources */,
			);
			runOnlyForDeploymentPostprocessing = 0;
		};
		1143023C245BC7D400E080DD /* Sources */ = {
			isa = PBXSourcesBuildPhase;
			buildActionMask = 2147483647;
			files = (
				11430245245BC7D400E080DD /* PitchPerfectUITests.swift in Sources */,
			);
			runOnlyForDeploymentPostprocessing = 0;
		};
/* End PBXSourcesBuildPhase section */

/* Begin PBXTargetDependency section */
		11430237245BC7D300E080DD /* PBXTargetDependency */ = {
			isa = PBXTargetDependency;
			target = 1143021E245BC7CB00E080DD /* PitchPerfect */;
			targetProxy = 11430236245BC7D300E080DD /* PBXContainerItemProxy */;
		};
		11430242245BC7D400E080DD /* PBXTargetDependency */ = {
			isa = PBXTargetDependency;
			target = 1143021E245BC7CB00E080DD /* PitchPerfect */;
			targetProxy = 11430241245BC7D400E080DD /* PBXContainerItemProxy */;
		};
/* End PBXTargetDependency section */

/* Begin PBXVariantGroup section */
		11430228245BC7CB00E080DD /* Main.storyboard */ = {
			isa = PBXVariantGroup;
			children = (
				11430229245BC7CB00E080DD /* Base */,
			);
			name = Main.storyboard;
			sourceTree = "<group>";
		};
		1143022D245BC7D300E080DD /* LaunchScreen.storyboard */ = {
			isa = PBXVariantGroup;
			children = (
				1143022E245BC7D300E080DD /* Base */,
			);
			name = LaunchScreen.storyboard;
			sourceTree = "<group>";
		};
/* End PBXVariantGroup section */

/* Begin XCBuildConfiguration section */
		11430247245BC7D400E080DD /* Debug */ = {
			isa = XCBuildConfiguration;
			buildSettings = {
				ALWAYS_SEARCH_USER_PATHS = NO;
				CLANG_ANALYZER_NONNULL = YES;
				CLANG_ANALYZER_NUMBER_OBJECT_CONVERSION = YES_AGGRESSIVE;
				CLANG_CXX_LANGUAGE_STANDARD = "gnu++14";
				CLANG_CXX_LIBRARY = "libc++";
				CLANG_ENABLE_MODULES = YES;
				CLANG_ENABLE_OBJC_ARC = YES;
				CLANG_ENABLE_OBJC_WEAK = YES;
				CLANG_WARN_BLOCK_CAPTURE_AUTORELEASING = YES;
				CLANG_WARN_BOOL_CONVERSION = YES;
				CLANG_WARN_COMMA = YES;
				CLANG_WARN_CONSTANT_CONVERSION = YES;
				CLANG_WARN_DEPRECATED_OBJC_IMPLEMENTATIONS = YES;
				CLANG_WARN_DIRECT_OBJC_ISA_USAGE = YES_ERROR;
				CLANG_WARN_DOCUMENTATION_COMMENTS = YES;
				CLANG_WARN_EMPTY_BODY = YES;
				CLANG_WARN_ENUM_CONVERSION = YES;
				CLANG_WARN_INFINITE_RECURSION = YES;
				CLANG_WARN_INT_CONVERSION = YES;
				CLANG_WARN_NON_LITERAL_NULL_CONVERSION = YES;
				CLANG_WARN_OBJC_IMPLICIT_RETAIN_SELF = YES;
				CLANG_WARN_OBJC_LITERAL_CONVERSION = YES;
				CLANG_WARN_OBJC_ROOT_CLASS = YES_ERROR;
				CLANG_WARN_RANGE_LOOP_ANALYSIS = YES;
				CLANG_WARN_STRICT_PROTOTYPES = YES;
				CLANG_WARN_SUSPICIOUS_MOVE = YES;
				CLANG_WARN_UNGUARDED_AVAILABILITY = YES_AGGRESSIVE;
				CLANG_WARN_UNREACHABLE_CODE = YES;
				CLANG_WARN__DUPLICATE_METHOD_MATCH = YES;
				COPY_PHASE_STRIP = NO;
				DEBUG_INFORMATION_FORMAT = dwarf;
				ENABLE_STRICT_OBJC_MSGSEND = YES;
				ENABLE_TESTABILITY = YES;
				GCC_C_LANGUAGE_STANDARD = gnu11;
				GCC_DYNAMIC_NO_PIC = NO;
				GCC_NO_COMMON_BLOCKS = YES;
				GCC_OPTIMIZATION_LEVEL = 0;
				GCC_PREPROCESSOR_DEFINITIONS = (
					"DEBUG=1",
					"$(inherited)",
				);
				GCC_WARN_64_TO_32_BIT_CONVERSION = YES;
				GCC_WARN_ABOUT_RETURN_TYPE = YES_ERROR;
				GCC_WARN_UNDECLARED_SELECTOR = YES;
				GCC_WARN_UNINITIALIZED_AUTOS = YES_AGGRESSIVE;
				GCC_WARN_UNUSED_FUNCTION = YES;
				GCC_WARN_UNUSED_VARIABLE = YES;
				IPHONEOS_DEPLOYMENT_TARGET = 13.4;
				MTL_ENABLE_DEBUG_INFO = INCLUDE_SOURCE;
				MTL_FAST_MATH = YES;
				ONLY_ACTIVE_ARCH = YES;
				SDKROOT = iphoneos;
				SWIFT_ACTIVE_COMPILATION_CONDITIONS = DEBUG;
				SWIFT_OPTIMIZATION_LEVEL = "-Onone";
			};
			name = Debug;
		};
		11430248245BC7D400E080DD /* Release */ = {
			isa = XCBuildConfiguration;
			buildSettings = {
				ALWAYS_SEARCH_USER_PATHS = NO;
				CLANG_ANALYZER_NONNULL = YES;
				CLANG_ANALYZER_NUMBER_OBJECT_CONVERSION = YES_AGGRESSIVE;
				CLANG_CXX_LANGUAGE_STANDARD = "gnu++14";
				CLANG_CXX_LIBRARY = "libc++";
				CLANG_ENABLE_MODULES = YES;
				CLANG_ENABLE_OBJC_ARC = YES;
				CLANG_ENABLE_OBJC_WEAK = YES;
				CLANG_WARN_BLOCK_CAPTURE_AUTORELEASING = YES;
				CLANG_WARN_BOOL_CONVERSION = YES;
				CLANG_WARN_COMMA = YES;
				CLANG_WARN_CONSTANT_CONVERSION = YES;
				CLANG_WARN_DEPRECATED_OBJC_IMPLEMENTATIONS = YES;
				CLANG_WARN_DIRECT_OBJC_ISA_USAGE = YES_ERROR;
				CLANG_WARN_DOCUMENTATION_COMMENTS = YES;
				CLANG_WARN_EMPTY_BODY = YES;
				CLANG_WARN_ENUM_CONVERSION = YES;
				CLANG_WARN_INFINITE_RECURSION = YES;
				CLANG_WARN_INT_CONVERSION = YES;
				CLANG_WARN_NON_LITERAL_NULL_CONVERSION = YES;
				CLANG_WARN_OBJC_IMPLICIT_RETAIN_SELF = YES;
				CLANG_WARN_OBJC_LITERAL_CONVERSION = YES;
				CLANG_WARN_OBJC_ROOT_CLASS = YES_ERROR;
				CLANG_WARN_RANGE_LOOP_ANALYSIS = YES;
				CLANG_WARN_STRICT_PROTOTYPES = YES;
				CLANG_WARN_SUSPICIOUS_MOVE = YES;
				CLANG_WARN_UNGUARDED_AVAILABILITY = YES_AGGRESSIVE;
				CLANG_WARN_UNREACHABLE_CODE = YES;
				CLANG_WARN__DUPLICATE_METHOD_MATCH = YES;
				COPY_PHASE_STRIP = NO;
				DEBUG_INFORMATION_FORMAT = "dwarf-with-dsym";
				ENABLE_NS_ASSERTIONS = NO;
				ENABLE_STRICT_OBJC_MSGSEND = YES;
				GCC_C_LANGUAGE_STANDARD = gnu11;
				GCC_NO_COMMON_BLOCKS = YES;
				GCC_WARN_64_TO_32_BIT_CONVERSION = YES;
				GCC_WARN_ABOUT_RETURN_TYPE = YES_ERROR;
				GCC_WARN_UNDECLARED_SELECTOR = YES;
				GCC_WARN_UNINITIALIZED_AUTOS = YES_AGGRESSIVE;
				GCC_WARN_UNUSED_FUNCTION = YES;
				GCC_WARN_UNUSED_VARIABLE = YES;
				IPHONEOS_DEPLOYMENT_TARGET = 13.4;
				MTL_ENABLE_DEBUG_INFO = NO;
				MTL_FAST_MATH = YES;
				SDKROOT = iphoneos;
				SWIFT_COMPILATION_MODE = wholemodule;
				SWIFT_OPTIMIZATION_LEVEL = "-O";
				VALIDATE_PRODUCT = YES;
			};
			name = Release;
		};
		1143024A245BC7D400E080DD /* Debug */ = {
			isa = XCBuildConfiguration;
			buildSettings = {
				ASSETCATALOG_COMPILER_APPICON_NAME = AppIcon;
				CODE_SIGN_IDENTITY = "Apple Development";
				CODE_SIGN_STYLE = Automatic;
				DEVELOPMENT_TEAM = "";
				INFOPLIST_FILE = PitchPerfect/Info.plist;
				LD_RUNPATH_SEARCH_PATHS = (
					"$(inherited)",
					"@executable_path/Frameworks",
				);
				PRODUCT_BUNDLE_IDENTIFIER = Nada.PitchPerfect;
				PRODUCT_NAME = "$(TARGET_NAME)";
				PROVISIONING_PROFILE_SPECIFIER = "";
				SWIFT_VERSION = 5.0;
				TARGETED_DEVICE_FAMILY = "1,2";
			};
			name = Debug;
		};
		1143024B245BC7D400E080DD /* Release */ = {
			isa = XCBuildConfiguration;
			buildSettings = {
				ASSETCATALOG_COMPILER_APPICON_NAME = AppIcon;
				CODE_SIGN_IDENTITY = "Apple Development";
				CODE_SIGN_STYLE = Automatic;
				DEVELOPMENT_TEAM = "";
				INFOPLIST_FILE = PitchPerfect/Info.plist;
				LD_RUNPATH_SEARCH_PATHS = (
					"$(inherited)",
					"@executable_path/Frameworks",
				);
				PRODUCT_BUNDLE_IDENTIFIER = Nada.PitchPerfect;
				PRODUCT_NAME = "$(TARGET_NAME)";
				PROVISIONING_PROFILE_SPECIFIER = "";
				SWIFT_VERSION = 5.0;
				TARGETED_DEVICE_FAMILY = "1,2";
			};
			name = Release;
		};
		1143024D245BC7D400E080DD /* Debug */ = {
			isa = XCBuildConfiguration;
			buildSettings = {
				ALWAYS_EMBED_SWIFT_STANDARD_LIBRARIES = YES;
				BUNDLE_LOADER = "$(TEST_HOST)";
				CODE_SIGN_STYLE = Automatic;
				INFOPLIST_FILE = PitchPerfectTests/Info.plist;
				IPHONEOS_DEPLOYMENT_TARGET = 13.4;
				LD_RUNPATH_SEARCH_PATHS = (
					"$(inherited)",
					"@executable_path/Frameworks",
					"@loader_path/Frameworks",
				);
				PRODUCT_BUNDLE_IDENTIFIER = Nada.PitchPerfectTests;
				PRODUCT_NAME = "$(TARGET_NAME)";
				SWIFT_VERSION = 5.0;
				TARGETED_DEVICE_FAMILY = "1,2";
				TEST_HOST = "$(BUILT_PRODUCTS_DIR)/PitchPerfect.app/PitchPerfect";
			};
			name = Debug;
		};
		1143024E245BC7D400E080DD /* Release */ = {
			isa = XCBuildConfiguration;
			buildSettings = {
				ALWAYS_EMBED_SWIFT_STANDARD_LIBRARIES = YES;
				BUNDLE_LOADER = "$(TEST_HOST)";
				CODE_SIGN_STYLE = Automatic;
				INFOPLIST_FILE = PitchPerfectTests/Info.plist;
				IPHONEOS_DEPLOYMENT_TARGET = 13.4;
				LD_RUNPATH_SEARCH_PATHS = (
					"$(inherited)",
					"@executable_path/Frameworks",
					"@loader_path/Frameworks",
				);
				PRODUCT_BUNDLE_IDENTIFIER = Nada.PitchPerfectTests;
				PRODUCT_NAME = "$(TARGET_NAME)";
				SWIFT_VERSION = 5.0;
				TARGETED_DEVICE_FAMILY = "1,2";
				TEST_HOST = "$(BUILT_PRODUCTS_DIR)/PitchPerfect.app/PitchPerfect";
			};
			name = Release;
		};
		11430250245BC7D400E080DD /* Debug */ = {
			isa = XCBuildConfiguration;
			buildSettings = {
				ALWAYS_EMBED_SWIFT_STANDARD_LIBRARIES = YES;
				CODE_SIGN_STYLE = Automatic;
				INFOPLIST_FILE = PitchPerfectUITests/Info.plist;
				LD_RUNPATH_SEARCH_PATHS = (
					"$(inherited)",
					"@executable_path/Frameworks",
					"@loader_path/Frameworks",
				);
				PRODUCT_BUNDLE_IDENTIFIER = Nada.PitchPerfectUITests;
				PRODUCT_NAME = "$(TARGET_NAME)";
				SWIFT_VERSION = 5.0;
				TARGETED_DEVICE_FAMILY = "1,2";
				TEST_TARGET_NAME = PitchPerfect;
			};
			name = Debug;
		};
		11430251245BC7D400E080DD /* Release */ = {
			isa = XCBuildConfiguration;
			buildSettings = {
				ALWAYS_EMBED_SWIFT_STANDARD_LIBRARIES = YES;
				CODE_SIGN_STYLE = Automatic;
				INFOPLIST_FILE = PitchPerfectUITests/Info.plist;
				LD_RUNPATH_SEARCH_PATHS = (
					"$(inherited)",
					"@executable_path/Frameworks",
					"@loader_path/Frameworks",
				);
				PRODUCT_BUNDLE_IDENTIFIER = Nada.PitchPerfectUITests;
				PRODUCT_NAME = "$(TARGET_NAME)";
				SWIFT_VERSION = 5.0;
				TARGETED_DEVICE_FAMILY = "1,2";
				TEST_TARGET_NAME = PitchPerfect;
			};
			name = Release;
		};
/* End XCBuildConfiguration section */

/* Begin XCConfigurationList section */
		1143021A245BC7CB00E080DD /* Build configuration list for PBXProject "PitchPerfect" */ = {
			isa = XCConfigurationList;
			buildConfigurations = (
				11430247245BC7D400E080DD /* Debug */,
				11430248245BC7D400E080DD /* Release */,
			);
			defaultConfigurationIsVisible = 0;
			defaultConfigurationName = Release;
		};
		11430249245BC7D400E080DD /* Build configuration list for PBXNativeTarget "PitchPerfect" */ = {
			isa = XCConfigurationList;
			buildConfigurations = (
				1143024A245BC7D400E080DD /* Debug */,
				1143024B245BC7D400E080DD /* Release */,
			);
			defaultConfigurationIsVisible = 0;
			defaultConfigurationName = Release;
		};
		1143024C245BC7D400E080DD /* Build configuration list for PBXNativeTarget "PitchPerfectTests" */ = {
			isa = XCConfigurationList;
			buildConfigurations = (
				1143024D245BC7D400E080DD /* Debug */,
				1143024E245BC7D400E080DD /* Release */,
			);
			defaultConfigurationIsVisible = 0;
			defaultConfigurationName = Release;
		};
		1143024F245BC7D400E080DD /* Build configuration list for PBXNativeTarget "PitchPerfectUITests" */ = {
			isa = XCConfigurationList;
			buildConfigurations = (
				11430250245BC7D400E080DD /* Debug */,
				11430251245BC7D400E080DD /* Release */,
			);
			defaultConfigurationIsVisible = 0;
			defaultConfigurationName = Release;
		};
/* End XCConfigurationList section */
	};
	rootObject = 11430217245BC7CB00E080DD /* Project object */;
}
